
Microsoft Visual Studio Solution File, Format Version 12.00
# Visual Studio 15
VisualStudioVersion = 15.0.28307.572
MinimumVisualStudioVersion = 10.0.40219.1
Project("{FAE04EC0-301F-11D3-BF4B-00C04F79EFBC}") = "ClinkedIn", "ClinkedIn\ClinkedIn.csproj", "{920AE281-1E23-4732-8EE8-CAAA7BD707FC}"
EndProject
Global
	GlobalSection(SolutionConfigurationPlatforms) = preSolution
		Debug|Any CPU = Debug|Any CPU
		Release|Any CPU = Release|Any CPU
	EndGlobalSection
	GlobalSection(ProjectConfigurationPlatforms) = postSolution
		{920AE281-1E23-4732-8EE8-CAAA7BD707FC}.Debug|Any CPU.ActiveCfg = Debug|Any CPU
		{920AE281-1E23-4732-8EE8-CAAA7BD707FC}.Debug|Any CPU.Build.0 = Debug|Any CPU
		{920AE281-1E23-4732-8EE8-CAAA7BD707FC}.Release|Any CPU.ActiveCfg = Release|Any CPU
		{920AE281-1E23-4732-8EE8-CAAA7BD707FC}.Release|Any CPU.Build.0 = Release|Any CPU
	EndGlobalSection
	GlobalSection(SolutionProperties) = preSolution
		HideSolutionNode = FALSE
	EndGlobalSection
	GlobalSection(ExtensibilityGlobals) = postSolution
		SolutionGuid = {DFC1A631-D9A1-4290-8CB1-DDE42544B1D8}
	EndGlobalSection
EndGlobal
